// !$*UTF8*$!
{
	archiveVersion = 1;
	classes = {
	};
	objectVersion = 55;
	objects = {

/* Begin PBXBuildFile section */
		04CC1C8028EC7B460080ED52 /* AppDelegate.swift in Sources */ = {isa = PBXBuildFile; fileRef = 04CC1C7F28EC7B460080ED52 /* AppDelegate.swift */; };
		04CC1C8228EC7B460080ED52 /* SceneDelegate.swift in Sources */ = {isa = PBXBuildFile; fileRef = 04CC1C8128EC7B460080ED52 /* SceneDelegate.swift */; };
		04CC1C8428EC7B460080ED52 /* ViewController.swift in Sources */ = {isa = PBXBuildFile; fileRef = 04CC1C8328EC7B460080ED52 /* ViewController.swift */; };
		04CC1C8728EC7B460080ED52 /* Main.storyboard in Resources */ = {isa = PBXBuildFile; fileRef = 04CC1C8528EC7B460080ED52 /* Main.storyboard */; };
		04CC1C8928EC7B470080ED52 /* Assets.xcassets in Resources */ = {isa = PBXBuildFile; fileRef = 04CC1C8828EC7B470080ED52 /* Assets.xcassets */; };
		04CC1C8C28EC7B470080ED52 /* LaunchScreen.storyboard in Resources */ = {isa = PBXBuildFile; fileRef = 04CC1C8A28EC7B470080ED52 /* LaunchScreen.storyboard */; };
		04CC1C9728EC7B470080ED52 /* The_Best_Tech_Social_Media_AppTests.swift in Sources */ = {isa = PBXBuildFile; fileRef = 04CC1C9628EC7B470080ED52 /* The_Best_Tech_Social_Media_AppTests.swift */; };
		04CC1CA128EC7B470080ED52 /* The_Best_Tech_Social_Media_AppUITests.swift in Sources */ = {isa = PBXBuildFile; fileRef = 04CC1CA028EC7B470080ED52 /* The_Best_Tech_Social_Media_AppUITests.swift */; };
		04CC1CA328EC7B470080ED52 /* The_Best_Tech_Social_Media_AppUITestsLaunchTests.swift in Sources */ = {isa = PBXBuildFile; fileRef = 04CC1CA228EC7B470080ED52 /* The_Best_Tech_Social_Media_AppUITestsLaunchTests.swift */; };
		04CC1CB628EDE12B0080ED52 /* lightViewController.swift in Sources */ = {isa = PBXBuildFile; fileRef = 04CC1CB528EDE12B0080ED52 /* lightViewController.swift */; };
/* End PBXBuildFile section */

/* Begin PBXContainerItemProxy section */
		04CC1C9328EC7B470080ED52 /* PBXContainerItemProxy */ = {
			isa = PBXContainerItemProxy;
			containerPortal = 04CC1C7428EC7B460080ED52 /* Project object */;
			proxyType = 1;
			remoteGlobalIDString = 04CC1C7B28EC7B460080ED52;
			remoteInfo = "The Best Tech Social Media App";
		};
		04CC1C9D28EC7B470080ED52 /* PBXContainerItemProxy */ = {
			isa = PBXContainerItemProxy;
			containerPortal = 04CC1C7428EC7B460080ED52 /* Project object */;
			proxyType = 1;
			remoteGlobalIDString = 04CC1C7B28EC7B460080ED52;
			remoteInfo = "The Best Tech Social Media App";
		};
/* End PBXContainerItemProxy section */

/* Begin PBXFileReference section */
		04CC1C7C28EC7B460080ED52 /* The Best Tech Social Media App.app */ = {isa = PBXFileReference; explicitFileType = wrapper.application; includeInIndex = 0; path = "The Best Tech Social Media App.app"; sourceTree = BUILT_PRODUCTS_DIR; };
		04CC1C7F28EC7B460080ED52 /* AppDelegate.swift */ = {isa = PBXFileReference; lastKnownFileType = sourcecode.swift; path = AppDelegate.swift; sourceTree = "<group>"; };
		04CC1C8128EC7B460080ED52 /* SceneDelegate.swift */ = {isa = PBXFileReference; lastKnownFileType = sourcecode.swift; path = SceneDelegate.swift; sourceTree = "<group>"; };
		04CC1C8328EC7B460080ED52 /* ViewController.swift */ = {isa = PBXFileReference; lastKnownFileType = sourcecode.swift; path = ViewController.swift; sourceTree = "<group>"; };
		04CC1C8628EC7B460080ED52 /* Base */ = {isa = PBXFileReference; lastKnownFileType = file.storyboard; name = Base; path = Base.lproj/Main.storyboard; sourceTree = "<group>"; };
		04CC1C8828EC7B470080ED52 /* Assets.xcassets */ = {isa = PBXFileReference; lastKnownFileType = folder.assetcatalog; path = Assets.xcassets; sourceTree = "<group>"; };
		04CC1C8B28EC7B470080ED52 /* Base */ = {isa = PBXFileReference; lastKnownFileType = file.storyboard; name = Base; path = Base.lproj/LaunchScreen.storyboard; sourceTree = "<group>"; };
		04CC1C8D28EC7B470080ED52 /* Info.plist */ = {isa = PBXFileReference; lastKnownFileType = text.plist.xml; path = Info.plist; sourceTree = "<group>"; };
		04CC1C9228EC7B470080ED52 /* The Best Tech Social Media AppTests.xctest */ = {isa = PBXFileReference; explicitFileType = wrapper.cfbundle; includeInIndex = 0; path = "The Best Tech Social Media AppTests.xctest"; sourceTree = BUILT_PRODUCTS_DIR; };
		04CC1C9628EC7B470080ED52 /* The_Best_Tech_Social_Media_AppTests.swift */ = {isa = PBXFileReference; lastKnownFileType = sourcecode.swift; path = The_Best_Tech_Social_Media_AppTests.swift; sourceTree = "<group>"; };
		04CC1C9C28EC7B470080ED52 /* The Best Tech Social Media AppUITests.xctest */ = {isa = PBXFileReference; explicitFileType = wrapper.cfbundle; includeInIndex = 0; path = "The Best Tech Social Media AppUITests.xctest"; sourceTree = BUILT_PRODUCTS_DIR; };
		04CC1CA028EC7B470080ED52 /* The_Best_Tech_Social_Media_AppUITests.swift */ = {isa = PBXFileReference; lastKnownFileType = sourcecode.swift; path = The_Best_Tech_Social_Media_AppUITests.swift; sourceTree = "<group>"; };
		04CC1CA228EC7B470080ED52 /* The_Best_Tech_Social_Media_AppUITestsLaunchTests.swift */ = {isa = PBXFileReference; lastKnownFileType = sourcecode.swift; path = The_Best_Tech_Social_Media_AppUITestsLaunchTests.swift; sourceTree = "<group>"; };
		04CC1CB528EDE12B0080ED52 /* lightViewController.swift */ = {isa = PBXFileReference; lastKnownFileType = sourcecode.swift; path = lightViewController.swift; sourceTree = "<group>"; };
/* End PBXFileReference section */

/* Begin PBXFrameworksBuildPhase section */
		04CC1C7928EC7B460080ED52 /* Frameworks */ = {
			isa = PBXFrameworksBuildPhase;
			buildActionMask = 2147483647;
			files = (
			);
			runOnlyForDeploymentPostprocessing = 0;
		};
		04CC1C8F28EC7B470080ED52 /* Frameworks */ = {
			isa = PBXFrameworksBuildPhase;
			buildActionMask = 2147483647;
			files = (
			);
			runOnlyForDeploymentPostprocessing = 0;
		};
		04CC1C9928EC7B470080ED52 /* Frameworks */ = {
			isa = PBXFrameworksBuildPhase;
			buildActionMask = 2147483647;
			files = (
			);
			runOnlyForDeploymentPostprocessing = 0;
		};
/* End PBXFrameworksBuildPhase section */

/* Begin PBXGroup section */
		04CC1C7328EC7B460080ED52 = {
			isa = PBXGroup;
			children = (
				04CC1C7E28EC7B460080ED52 /* The Best Tech Social Media App */,
				04CC1C9528EC7B470080ED52 /* The Best Tech Social Media AppTests */,
				04CC1C9F28EC7B470080ED52 /* The Best Tech Social Media AppUITests */,
				04CC1C7D28EC7B460080ED52 /* Products */,
			);
			sourceTree = "<group>";
		};
		04CC1C7D28EC7B460080ED52 /* Products */ = {
			isa = PBXGroup;
			children = (
				04CC1C7C28EC7B460080ED52 /* The Best Tech Social Media App.app */,
				04CC1C9228EC7B470080ED52 /* The Best Tech Social Media AppTests.xctest */,
				04CC1C9C28EC7B470080ED52 /* The Best Tech Social Media AppUITests.xctest */,
			);
			name = Products;
			sourceTree = "<group>";
		};
		04CC1C7E28EC7B460080ED52 /* The Best Tech Social Media App */ = {
			isa = PBXGroup;
			children = (
				04CC1C7F28EC7B460080ED52 /* AppDelegate.swift */,
				04CC1C8128EC7B460080ED52 /* SceneDelegate.swift */,
				04CC1C8328EC7B460080ED52 /* ViewController.swift */,
				04CC1CB528EDE12B0080ED52 /* lightViewController.swift */,
				04CC1C8528EC7B460080ED52 /* Main.storyboard */,
				04CC1C8828EC7B470080ED52 /* Assets.xcassets */,
				04CC1C8A28EC7B470080ED52 /* LaunchScreen.storyboard */,
				04CC1C8D28EC7B470080ED52 /* Info.plist */,
			);
			path = "The Best Tech Social Media App";
			sourceTree = "<group>";
		};
		04CC1C9528EC7B470080ED52 /* The Best Tech Social Media AppTests */ = {
			isa = PBXGroup;
			children = (
				04CC1C9628EC7B470080ED52 /* The_Best_Tech_Social_Media_AppTests.swift */,
			);
			path = "The Best Tech Social Media AppTests";
			sourceTree = "<group>";
		};
		04CC1C9F28EC7B470080ED52 /* The Best Tech Social Media AppUITests */ = {
			isa = PBXGroup;
			children = (
				04CC1CA028EC7B470080ED52 /* The_Best_Tech_Social_Media_AppUITests.swift */,
				04CC1CA228EC7B470080ED52 /* The_Best_Tech_Social_Media_AppUITestsLaunchTests.swift */,
			);
			path = "The Best Tech Social Media AppUITests";
			sourceTree = "<group>";
		};
/* End PBXGroup section */

/* Begin PBXNativeTarget section */
		04CC1C7B28EC7B460080ED52 /* The Best Tech Social Media App */ = {
			isa = PBXNativeTarget;
			buildConfigurationList = 04CC1CA628EC7B470080ED52 /* Build configuration list for PBXNativeTarget "The Best Tech Social Media App" */;
			buildPhases = (
				04CC1C7828EC7B460080ED52 /* Sources */,
				04CC1C7928EC7B460080ED52 /* Frameworks */,
				04CC1C7A28EC7B460080ED52 /* Resources */,
			);
			buildRules = (
			);
			dependencies = (
			);
			name = "The Best Tech Social Media App";
			productName = "The Best Tech Social Media App";
			productReference = 04CC1C7C28EC7B460080ED52 /* The Best Tech Social Media App.app */;
			productType = "com.apple.product-type.application";
		};
		04CC1C9128EC7B470080ED52 /* The Best Tech Social Media AppTests */ = {
			isa = PBXNativeTarget;
			buildConfigurationList = 04CC1CA928EC7B470080ED52 /* Build configuration list for PBXNativeTarget "The Best Tech Social Media AppTests" */;
			buildPhases = (
				04CC1C8E28EC7B470080ED52 /* Sources */,
				04CC1C8F28EC7B470080ED52 /* Frameworks */,
				04CC1C9028EC7B470080ED52 /* Resources */,
			);
			buildRules = (
			);
			dependencies = (
				04CC1C9428EC7B470080ED52 /* PBXTargetDependency */,
			);
			name = "The Best Tech Social Media AppTests";
			productName = "The Best Tech Social Media AppTests";
			productReference = 04CC1C9228EC7B470080ED52 /* The Best Tech Social Media AppTests.xctest */;
			productType = "com.apple.product-type.bundle.unit-test";
		};
		04CC1C9B28EC7B470080ED52 /* The Best Tech Social Media AppUITests */ = {
			isa = PBXNativeTarget;
			buildConfigurationList = 04CC1CAC28EC7B470080ED52 /* Build configuration list for PBXNativeTarget "The Best Tech Social Media AppUITests" */;
			buildPhases = (
				04CC1C9828EC7B470080ED52 /* Sources */,
				04CC1C9928EC7B470080ED52 /* Frameworks */,
				04CC1C9A28EC7B470080ED52 /* Resources */,
			);
			buildRules = (
			);
			dependencies = (
				04CC1C9E28EC7B470080ED52 /* PBXTargetDependency */,
			);
			name = "The Best Tech Social Media AppUITests";
			productName = "The Best Tech Social Media AppUITests";
			productReference = 04CC1C9C28EC7B470080ED52 /* The Best Tech Social Media AppUITests.xctest */;
			productType = "com.apple.product-type.bundle.ui-testing";
		};
/* End PBXNativeTarget section */

/* Begin PBXProject section */
		04CC1C7428EC7B460080ED52 /* Project object */ = {
			isa = PBXProject;
			attributes = {
				BuildIndependentTargetsInParallel = 1;
				LastSwiftUpdateCheck = 1340;
				LastUpgradeCheck = 1340;
				TargetAttributes = {
					04CC1C7B28EC7B460080ED52 = {
						CreatedOnToolsVersion = 13.4.1;
					};
					04CC1C9128EC7B470080ED52 = {
						CreatedOnToolsVersion = 13.4.1;
						TestTargetID = 04CC1C7B28EC7B460080ED52;
					};
					04CC1C9B28EC7B470080ED52 = {
						CreatedOnToolsVersion = 13.4.1;
						TestTargetID = 04CC1C7B28EC7B460080ED52;
					};
				};
			};
			buildConfigurationList = 04CC1C7728EC7B460080ED52 /* Build configuration list for PBXProject "The Best Tech Social Media App" */;
			compatibilityVersion = "Xcode 13.0";
			developmentRegion = en;
			hasScannedForEncodings = 0;
			knownRegions = (
				en,
				Base,
			);
			mainGroup = 04CC1C7328EC7B460080ED52;
			productRefGroup = 04CC1C7D28EC7B460080ED52 /* Products */;
			projectDirPath = "";
			projectRoot = "";
			targets = (
				04CC1C7B28EC7B460080ED52 /* The Best Tech Social Media App */,
				04CC1C9128EC7B470080ED52 /* The Best Tech Social Media AppTests */,
				04CC1C9B28EC7B470080ED52 /* The Best Tech Social Media AppUITests */,
			);
		};
/* End PBXProject section */

/* Begin PBXResourcesBuildPhase section */
		04CC1C7A28EC7B460080ED52 /* Resources */ = {
			isa = PBXResourcesBuildPhase;
			buildActionMask = 2147483647;
			files = (
				04CC1C8C28EC7B470080ED52 /* LaunchScreen.storyboard in Resources */,
				04CC1C8928EC7B470080ED52 /* Assets.xcassets in Resources */,
				04CC1C8728EC7B460080ED52 /* Main.storyboard in Resources */,
			);
			runOnlyForDeploymentPostprocessing = 0;
		};
		04CC1C9028EC7B470080ED52 /* Resources */ = {
			isa = PBXResourcesBuildPhase;
			buildActionMask = 2147483647;
			files = (
			);
			runOnlyForDeploymentPostprocessing = 0;
		};
		04CC1C9A28EC7B470080ED52 /* Resources */ = {
			isa = PBXResourcesBuildPhase;
			buildActionMask = 2147483647;
			files = (
			);
			runOnlyForDeploymentPostprocessing = 0;
		};
/* End PBXResourcesBuildPhase section */

/* Begin PBXSourcesBuildPhase section */
		04CC1C7828EC7B460080ED52 /* Sources */ = {
			isa = PBXSourcesBuildPhase;
			buildActionMask = 2147483647;
			files = (
				04CC1C8428EC7B460080ED52 /* ViewController.swift in Sources */,
				04CC1C8028EC7B460080ED52 /* AppDelegate.swift in Sources */,
				04CC1C8228EC7B460080ED52 /* SceneDelegate.swift in Sources */,
				04CC1CB628EDE12B0080ED52 /* lightViewController.swift in Sources */,
			);
			runOnlyForDeploymentPostprocessing = 0;
		};
		04CC1C8E28EC7B470080ED52 /* Sources */ = {
			isa = PBXSourcesBuildPhase;
			buildActionMask = 2147483647;
			files = (
				04CC1C9728EC7B470080ED52 /* The_Best_Tech_Social_Media_AppTests.swift in Sources */,
			);
			runOnlyForDeploymentPostprocessing = 0;
		};
		04CC1C9828EC7B470080ED52 /* Sources */ = {
			isa = PBXSourcesBuildPhase;
			buildActionMask = 2147483647;
			files = (
				04CC1CA328EC7B470080ED52 /* The_Best_Tech_Social_Media_AppUITestsLaunchTests.swift in Sources */,
				04CC1CA128EC7B470080ED52 /* The_Best_Tech_Social_Media_AppUITests.swift in Sources */,
			);
			runOnlyForDeploymentPostprocessing = 0;
		};
/* End PBXSourcesBuildPhase section */

/* Begin PBXTargetDependency section */
		04CC1C9428EC7B470080ED52 /* PBXTargetDependency */ = {
			isa = PBXTargetDependency;
			target = 04CC1C7B28EC7B460080ED52 /* The Best Tech Social Media App */;
			targetProxy = 04CC1C9328EC7B470080ED52 /* PBXContainerItemProxy */;
		};
		04CC1C9E28EC7B470080ED52 /* PBXTargetDependency */ = {
			isa = PBXTargetDependency;
			target = 04CC1C7B28EC7B460080ED52 /* The Best Tech Social Media App */;
			targetProxy = 04CC1C9D28EC7B470080ED52 /* PBXContainerItemProxy */;
		};
/* End PBXTargetDependency section */

/* Begin PBXVariantGroup section */
		04CC1C8528EC7B460080ED52 /* Main.storyboard */ = {
			isa = PBXVariantGroup;
			children = (
				04CC1C8628EC7B460080ED52 /* Base */,
			);
			name = Main.storyboard;
			sourceTree = "<group>";
		};
		04CC1C8A28EC7B470080ED52 /* LaunchScreen.storyboard */ = {
			isa = PBXVariantGroup;
			children = (
				04CC1C8B28EC7B470080ED52 /* Base */,
			);
			name = LaunchScreen.storyboard;
			sourceTree = "<group>";
		};
/* End PBXVariantGroup section */

/* Begin XCBuildConfiguration section */
		04CC1CA428EC7B470080ED52 /* Debug */ = {
			isa = XCBuildConfiguration;
			buildSettings = {
				ALWAYS_SEARCH_USER_PATHS = NO;
				CLANG_ANALYZER_NONNULL = YES;
				CLANG_ANALYZER_NUMBER_OBJECT_CONVERSION = YES_AGGRESSIVE;
				CLANG_CXX_LANGUAGE_STANDARD = "gnu++17";
				CLANG_ENABLE_MODULES = YES;
				CLANG_ENABLE_OBJC_ARC = YES;
				CLANG_ENABLE_OBJC_WEAK = YES;
				CLANG_WARN_BLOCK_CAPTURE_AUTORELEASING = YES;
				CLANG_WARN_BOOL_CONVERSION = YES;
				CLANG_WARN_COMMA = YES;
				CLANG_WARN_CONSTANT_CONVERSION = YES;
				CLANG_WARN_DEPRECATED_OBJC_IMPLEMENTATIONS = YES;
				CLANG_WARN_DIRECT_OBJC_ISA_USAGE = YES_ERROR;
				CLANG_WARN_DOCUMENTATION_COMMENTS = YES;
				CLANG_WARN_EMPTY_BODY = YES;
				CLANG_WARN_ENUM_CONVERSION = YES;
				CLANG_WARN_INFINITE_RECURSION = YES;
				CLANG_WARN_INT_CONVERSION = YES;
				CLANG_WARN_NON_LITERAL_NULL_CONVERSION = YES;
				CLANG_WARN_OBJC_IMPLICIT_RETAIN_SELF = YES;
				CLANG_WARN_OBJC_LITERAL_CONVERSION = YES;
				CLANG_WARN_OBJC_ROOT_CLASS = YES_ERROR;
				CLANG_WARN_QUOTED_INCLUDE_IN_FRAMEWORK_HEADER = YES;
				CLANG_WARN_RANGE_LOOP_ANALYSIS = YES;
				CLANG_WARN_STRICT_PROTOTYPES = YES;
				CLANG_WARN_SUSPICIOUS_MOVE = YES;
				CLANG_WARN_UNGUARDED_AVAILABILITY = YES_AGGRESSIVE;
				CLANG_WARN_UNREACHABLE_CODE = YES;
				CLANG_WARN__DUPLICATE_METHOD_MATCH = YES;
				COPY_PHASE_STRIP = NO;
				DEBUG_INFORMATION_FORMAT = dwarf;
				ENABLE_STRICT_OBJC_MSGSEND = YES;
				ENABLE_TESTABILITY = YES;
				GCC_C_LANGUAGE_STANDARD = gnu11;
				GCC_DYNAMIC_NO_PIC = NO;
				GCC_NO_COMMON_BLOCKS = YES;
				GCC_OPTIMIZATION_LEVEL = 0;
				GCC_PREPROCESSOR_DEFINITIONS = (
					"DEBUG=1",
					"$(inherited)",
				);
				GCC_WARN_64_TO_32_BIT_CONVERSION = YES;
				GCC_WARN_ABOUT_RETURN_TYPE = YES_ERROR;
				GCC_WARN_UNDECLARED_SELECTOR = YES;
				GCC_WARN_UNINITIALIZED_AUTOS = YES_AGGRESSIVE;
				GCC_WARN_UNUSED_FUNCTION = YES;
				GCC_WARN_UNUSED_VARIABLE = YES;
				IPHONEOS_DEPLOYMENT_TARGET = 15.5;
				MTL_ENABLE_DEBUG_INFO = INCLUDE_SOURCE;
				MTL_FAST_MATH = YES;
				ONLY_ACTIVE_ARCH = YES;
				SDKROOT = iphoneos;
				SWIFT_ACTIVE_COMPILATION_CONDITIONS = DEBUG;
				SWIFT_OPTIMIZATION_LEVEL = "-Onone";
			};
			name = Debug;
		};
		04CC1CA528EC7B470080ED52 /* Release */ = {
			isa = XCBuildConfiguration;
			buildSettings = {
				ALWAYS_SEARCH_USER_PATHS = NO;
				CLANG_ANALYZER_NONNULL = YES;
				CLANG_ANALYZER_NUMBER_OBJECT_CONVERSION = YES_AGGRESSIVE;
				CLANG_CXX_LANGUAGE_STANDARD = "gnu++17";
				CLANG_ENABLE_MODULES = YES;
				CLANG_ENABLE_OBJC_ARC = YES;
				CLANG_ENABLE_OBJC_WEAK = YES;
				CLANG_WARN_BLOCK_CAPTURE_AUTORELEASING = YES;
				CLANG_WARN_BOOL_CONVERSION = YES;
				CLANG_WARN_COMMA = YES;
				CLANG_WARN_CONSTANT_CONVERSION = YES;
				CLANG_WARN_DEPRECATED_OBJC_IMPLEMENTATIONS = YES;
				CLANG_WARN_DIRECT_OBJC_ISA_USAGE = YES_ERROR;
				CLANG_WARN_DOCUMENTATION_COMMENTS = YES;
				CLANG_WARN_EMPTY_BODY = YES;
				CLANG_WARN_ENUM_CONVERSION = YES;
				CLANG_WARN_INFINITE_RECURSION = YES;
				CLANG_WARN_INT_CONVERSION = YES;
				CLANG_WARN_NON_LITERAL_NULL_CONVERSION = YES;
				CLANG_WARN_OBJC_IMPLICIT_RETAIN_SELF = YES;
				CLANG_WARN_OBJC_LITERAL_CONVERSION = YES;
				CLANG_WARN_OBJC_ROOT_CLASS = YES_ERROR;
				CLANG_WARN_QUOTED_INCLUDE_IN_FRAMEWORK_HEADER = YES;
				CLANG_WARN_RANGE_LOOP_ANALYSIS = YES;
				CLANG_WARN_STRICT_PROTOTYPES = YES;
				CLANG_WARN_SUSPICIOUS_MOVE = YES;
				CLANG_WARN_UNGUARDED_AVAILABILITY = YES_AGGRESSIVE;
				CLANG_WARN_UNREACHABLE_CODE = YES;
				CLANG_WARN__DUPLICATE_METHOD_MATCH = YES;
				COPY_PHASE_STRIP = NO;
				DEBUG_INFORMATION_FORMAT = "dwarf-with-dsym";
				ENABLE_NS_ASSERTIONS = NO;
				ENABLE_STRICT_OBJC_MSGSEND = YES;
				GCC_C_LANGUAGE_STANDARD = gnu11;
				GCC_NO_COMMON_BLOCKS = YES;
				GCC_WARN_64_TO_32_BIT_CONVERSION = YES;
				GCC_WARN_ABOUT_RETURN_TYPE = YES_ERROR;
				GCC_WARN_UNDECLARED_SELECTOR = YES;
				GCC_WARN_UNINITIALIZED_AUTOS = YES_AGGRESSIVE;
				GCC_WARN_UNUSED_FUNCTION = YES;
				GCC_WARN_UNUSED_VARIABLE = YES;
				IPHONEOS_DEPLOYMENT_TARGET = 15.5;
				MTL_ENABLE_DEBUG_INFO = NO;
				MTL_FAST_MATH = YES;
				SDKROOT = iphoneos;
				SWIFT_COMPILATION_MODE = wholemodule;
				SWIFT_OPTIMIZATION_LEVEL = "-O";
				VALIDATE_PRODUCT = YES;
			};
			name = Release;
		};
		04CC1CA728EC7B470080ED52 /* Debug */ = {
			isa = XCBuildConfiguration;
			buildSettings = {
				ASSETCATALOG_COMPILER_APPICON_NAME = AppIcon;
				ASSETCATALOG_COMPILER_GLOBAL_ACCENT_COLOR_NAME = AccentColor;
				CODE_SIGN_STYLE = Automatic;
				CURRENT_PROJECT_VERSION = 1;
				DEVELOPMENT_TEAM = PN5QQ6G334;
				GENERATE_INFOPLIST_FILE = YES;
				INFOPLIST_FILE = "The Best Tech Social Media App/Info.plist";
				INFOPLIST_KEY_UIApplicationSupportsIndirectInputEvents = YES;
				INFOPLIST_KEY_UILaunchStoryboardName = LaunchScreen;
				INFOPLIST_KEY_UIMainStoryboardFile = Main;
				INFOPLIST_KEY_UISupportedInterfaceOrientations_iPad = "UIInterfaceOrientationPortrait UIInterfaceOrientationPortraitUpsideDown UIInterfaceOrientationLandscapeLeft UIInterfaceOrientationLandscapeRight";
				INFOPLIST_KEY_UISupportedInterfaceOrientations_iPhone = "UIInterfaceOrientationPortrait UIInterfaceOrientationLandscapeLeft UIInterfaceOrientationLandscapeRight";
				LD_RUNPATH_SEARCH_PATHS = (
					"$(inherited)",
					"@executable_path/Frameworks",
				);
				MARKETING_VERSION = 1.0;
				PRODUCT_BUNDLE_IDENTIFIER = "I-got-this.The-Best-Tech-Social-Media-App";
				PRODUCT_NAME = "$(TARGET_NAME)";
				SWIFT_EMIT_LOC_STRINGS = YES;
				SWIFT_VERSION = 5.0;
				TARGETED_DEVICE_FAMILY = "1,2";
			};
			name = Debug;
		};
		04CC1CA828EC7B470080ED52 /* Release */ = {
			isa = XCBuildConfiguration;
			buildSettings = {
				ASSETCATALOG_COMPILER_APPICON_NAME = AppIcon;
				ASSETCATALOG_COMPILER_GLOBAL_ACCENT_COLOR_NAME = AccentColor;
				CODE_SIGN_STYLE = Automatic;
				CURRENT_PROJECT_VERSION = 1;
				DEVELOPMENT_TEAM = PN5QQ6G334;
				GENERATE_INFOPLIST_FILE = YES;
				INFOPLIST_FILE = "The Best Tech Social Media App/Info.plist";
				INFOPLIST_KEY_UIApplicationSupportsIndirectInputEvents = YES;
				INFOPLIST_KEY_UILaunchStoryboardName = LaunchScreen;
				INFOPLIST_KEY_UIMainStoryboardFile = Main;
				INFOPLIST_KEY_UISupportedInterfaceOrientations_iPad = "UIInterfaceOrientationPortrait UIInterfaceOrientationPortraitUpsideDown UIInterfaceOrientationLandscapeLeft UIInterfaceOrientationLandscapeRight";
				INFOPLIST_KEY_UISupportedInterfaceOrientations_iPhone = "UIInterfaceOrientationPortrait UIInterfaceOrientationLandscapeLeft UIInterfaceOrientationLandscapeRight";
				LD_RUNPATH_SEARCH_PATHS = (
					"$(inherited)",
					"@executable_path/Frameworks",
				);
				MARKETING_VERSION = 1.0;
				PRODUCT_BUNDLE_IDENTIFIER = "I-got-this.The-Best-Tech-Social-Media-App";
				PRODUCT_NAME = "$(TARGET_NAME)";
				SWIFT_EMIT_LOC_STRINGS = YES;
				SWIFT_VERSION = 5.0;
				TARGETED_DEVICE_FAMILY = "1,2";
			};
			name = Release;
		};
		04CC1CAA28EC7B470080ED52 /* Debug */ = {
			isa = XCBuildConfiguration;
			buildSettings = {
				ALWAYS_EMBED_SWIFT_STANDARD_LIBRARIES = YES;
				BUNDLE_LOADER = "$(TEST_HOST)";
				CODE_SIGN_STYLE = Automatic;
				CURRENT_PROJECT_VERSION = 1;
				DEVELOPMENT_TEAM = PN5QQ6G334;
				GENERATE_INFOPLIST_FILE = YES;
				IPHONEOS_DEPLOYMENT_TARGET = 15.5;
				MARKETING_VERSION = 1.0;
				PRODUCT_BUNDLE_IDENTIFIER = "I-got-this.The-Best-Tech-Social-Media-AppTests";
				PRODUCT_NAME = "$(TARGET_NAME)";
				SWIFT_EMIT_LOC_STRINGS = NO;
				SWIFT_VERSION = 5.0;
				TARGETED_DEVICE_FAMILY = "1,2";
				TEST_HOST = "$(BUILT_PRODUCTS_DIR)/The Best Tech Social Media App.app/The Best Tech Social Media App";
			};
			name = Debug;
		};
		04CC1CAB28EC7B470080ED52 /* Release */ = {
			isa = XCBuildConfiguration;
			buildSettings = {
				ALWAYS_EMBED_SWIFT_STANDARD_LIBRARIES = YES;
				BUNDLE_LOADER = "$(TEST_HOST)";
				CODE_SIGN_STYLE = Automatic;
				CURRENT_PROJECT_VERSION = 1;
				DEVELOPMENT_TEAM = PN5QQ6G334;
				GENERATE_INFOPLIST_FILE = YES;
				IPHONEOS_DEPLOYMENT_TARGET = 15.5;
				MARKETING_VERSION = 1.0;
				PRODUCT_BUNDLE_IDENTIFIER = "I-got-this.The-Best-Tech-Social-Media-AppTests";
				PRODUCT_NAME = "$(TARGET_NAME)";
				SWIFT_EMIT_LOC_STRINGS = NO;
				SWIFT_VERSION = 5.0;
				TARGETED_DEVICE_FAMILY = "1,2";
				TEST_HOST = "$(BUILT_PRODUCTS_DIR)/The Best Tech Social Media App.app/The Best Tech Social Media App";
			};
			name = Release;
		};
		04CC1CAD28EC7B470080ED52 /* Debug */ = {
			isa = XCBuildConfiguration;
			buildSettings = {
				ALWAYS_EMBED_SWIFT_STANDARD_LIBRARIES = YES;
				CODE_SIGN_STYLE = Automatic;
				CURRENT_PROJECT_VERSION = 1;
				DEVELOPMENT_TEAM = PN5QQ6G334;
				GENERATE_INFOPLIST_FILE = YES;
				MARKETING_VERSION = 1.0;
				PRODUCT_BUNDLE_IDENTIFIER = "I-got-this.The-Best-Tech-Social-Media-AppUITests";
				PRODUCT_NAME = "$(TARGET_NAME)";
				SWIFT_EMIT_LOC_STRINGS = NO;
				SWIFT_VERSION = 5.0;
				TARGETED_DEVICE_FAMILY = "1,2";
				TEST_TARGET_NAME = "The Best Tech Social Media App";
			};
			name = Debug;
		};
		04CC1CAE28EC7B470080ED52 /* Release */ = {
			isa = XCBuildConfiguration;
			buildSettings = {
				ALWAYS_EMBED_SWIFT_STANDARD_LIBRARIES = YES;
				CODE_SIGN_STYLE = Automatic;
				CURRENT_PROJECT_VERSION = 1;
				DEVELOPMENT_TEAM = PN5QQ6G334;
				GENERATE_INFOPLIST_FILE = YES;
				MARKETING_VERSION = 1.0;
				PRODUCT_BUNDLE_IDENTIFIER = "I-got-this.The-Best-Tech-Social-Media-AppUITests";
				PRODUCT_NAME = "$(TARGET_NAME)";
				SWIFT_EMIT_LOC_STRINGS = NO;
				SWIFT_VERSION = 5.0;
				TARGETED_DEVICE_FAMILY = "1,2";
				TEST_TARGET_NAME = "The Best Tech Social Media App";
			};
			name = Release;
		};
/* End XCBuildConfiguration section */

/* Begin XCConfigurationList section */
		04CC1C7728EC7B460080ED52 /* Build configuration list for PBXProject "The Best Tech Social Media App" */ = {
			isa = XCConfigurationList;
			buildConfigurations = (
				04CC1CA428EC7B470080ED52 /* Debug */,
				04CC1CA528EC7B470080ED52 /* Release */,
			);
			defaultConfigurationIsVisible = 0;
			defaultConfigurationName = Release;
		};
		04CC1CA628EC7B470080ED52 /* Build configuration list for PBXNativeTarget "The Best Tech Social Media App" */ = {
			isa = XCConfigurationList;
			buildConfigurations = (
				04CC1CA728EC7B470080ED52 /* Debug */,
				04CC1CA828EC7B470080ED52 /* Release */,
			);
			defaultConfigurationIsVisible = 0;
			defaultConfigurationName = Release;
		};
		04CC1CA928EC7B470080ED52 /* Build configuration list for PBXNativeTarget "The Best Tech Social Media AppTests" */ = {
			isa = XCConfigurationList;
			buildConfigurations = (
				04CC1CAA28EC7B470080ED52 /* Debug */,
				04CC1CAB28EC7B470080ED52 /* Release */,
			);
			defaultConfigurationIsVisible = 0;
			defaultConfigurationName = Release;
		};
		04CC1CAC28EC7B470080ED52 /* Build configuration list for PBXNativeTarget "The Best Tech Social Media AppUITests" */ = {
			isa = XCConfigurationList;
			buildConfigurations = (
				04CC1CAD28EC7B470080ED52 /* Debug */,
				04CC1CAE28EC7B470080ED52 /* Release */,
			);
			defaultConfigurationIsVisible = 0;
			defaultConfigurationName = Release;
		};
/* End XCConfigurationList section */
	};
	rootObject = 04CC1C7428EC7B460080ED52 /* Project object */;
}
